# This file is autogenerated, do not edit; changes may be undone by the next 'dep ensure'.


[[projects]]
  digest = "1:b24249f5a5e6fbe1eddc94b25973172339ccabeadef4779274f3ed0167c18812"
  name = "cloud.google.com/go"
  packages = ["compute/metadata"]
  pruneopts = ""
  revision = "2d3a6656c17a60b0815b7e06ab0be04eacb6e613"
  version = "v0.16.0"

[[projects]]
  digest = "1:289dd4d7abfb3ad2b5f728fbe9b1d5c1bf7d265a3eb9ef92869af1f7baba4c7a"
  name = "github.com/BurntSushi/toml"
  packages = ["."]
  pruneopts = ""
  revision = "b26d9c308763d68093482582cea63d69be07a0f0"
  version = "v0.3.0"

[[projects]]
  digest = "1:512883404c2a99156e410e9880e3bb35ecccc0c07c1159eb204b5f3ef3c431b3"
  name = "github.com/bitly/go-simplejson"
  packages = ["."]
  pruneopts = ""
  revision = "aabad6e819789e569bd6aabf444c935aa9ba1e44"
  version = "v0.5.0"

[[projects]]
  branch = "v2"
  digest = "1:e5a238f8fa890e529d7e493849bbae8988c9e70344e4630cc4f9a11b00516afb"
  name = "github.com/coreos/go-oidc"
  packages = ["."]
  pruneopts = ""
  revision = "77e7f2010a464ade7338597afe650dfcffbe2ca8"

[[projects]]
  digest = "1:56c130d885a4aacae1dd9c7b71cfe39912c7ebc1ff7d2b46083c8812996dc43b"
  name = "github.com/davecgh/go-spew"
  packages = ["spew"]
  pruneopts = ""
  revision = "346938d642f2ec3594ed81d874461961cd0faa76"
  version = "v1.1.0"

[[projects]]
  digest = "1:6098222470fe0172157ce9bbef5d2200df4edde17ee649c5d6e48330e4afa4c6"
  name = "github.com/dgrijalva/jwt-go"
  packages = ["."]
  pruneopts = ""
  revision = "06ea1031745cb8b3dab3f6a236daf2b0aa468b7e"
  version = "v3.2.0"

[[projects]]
  branch = "master"
  digest = "1:3b760d3b93f994df8eb1d9ebfad17d3e9e37edcb7f7efaa15b427c0d7a64f4e4"
  name = "github.com/golang/protobuf"
  packages = ["proto"]
  pruneopts = ""
  revision = "1e59b77b52bf8e4b449a57e6f79f21226d571845"

[[projects]]
  digest = "1:af67386ca553c04c6222f7b5b2f17bc97a5dfb3b81b706882c7fd8c72c30cf8f"
  name = "github.com/mbland/hmacauth"
  packages = ["."]
  pruneopts = ""
  revision = "107c17adcc5eccc9935cd67d9bc2feaf5255d2cb"
  version = "1.0.2"

[[projects]]
  branch = "master"
  digest = "1:15c0562bca5d78ac087fb39c211071dc124e79fb18f8b7c3f8a0bc7ffcb2a38e"
  name = "github.com/mreiferson/go-options"
  packages = ["."]
  pruneopts = ""
  revision = "20ba7d382d05facb01e02eb777af0c5f229c5c95"

[[projects]]
  digest = "1:256484dbbcd271f9ecebc6795b2df8cad4c458dd0f5fd82a8c2fa0c29f233411"
  name = "github.com/pmezard/go-difflib"
  packages = ["difflib"]
  pruneopts = ""
  revision = "792786c7400a136282c1664665ae0a8db921c6c2"
  version = "v1.0.0"

[[projects]]
  branch = "master"
  digest = "1:386e12afcfd8964907c92dffd106860c0dedd71dbefae14397b77b724a13343b"
  name = "github.com/pquerna/cachecontrol"
  packages = [
    ".",
    "cacheobject",
  ]
  pruneopts = ""
  revision = "0dec1b30a0215bb68605dfc568e8855066c9202d"

[[projects]]
  digest = "1:3926a4ec9a4ff1a072458451aa2d9b98acd059a45b38f7335d31e06c3d6a0159"
  name = "github.com/stretchr/testify"
  packages = [
    "assert",
    "require",
  ]
  pruneopts = ""
  revision = "69483b4bd14f5845b5a1e55bca19e954e827f1d0"
  version = "v1.1.4"

[[projects]]
  branch = "master"
  digest = "1:39630a0e2844fc4297c27caacb394a9fd342f869292284a62f856877adab65bc"
  name = "github.com/yhat/wsutil"
  packages = ["."]
  pruneopts = ""
  revision = "1d66fa95c997864ba4d8479f56609620fe542928"

[[projects]]
  branch = "master"
  digest = "1:f6a006d27619a4d93bf9b66fe1999b8c8d1fa62bdc63af14f10fbe6fcaa2aa1a"
  name = "golang.org/x/crypto"
  packages = [
    "bcrypt",
    "blowfish",
    "ed25519",
    "ed25519/internal/edwards25519",
  ]
  pruneopts = ""
  revision = "9f005a07e0d31d45e6656d241bb5c0f2efd4bc94"

[[projects]]
  branch = "master"
  digest = "1:130b1bec86c62e121967ee0c69d9c263dc2d3ffe6c7c9a82aca4071c4d068861"
  name = "golang.org/x/net"
  packages = [
    "context",
    "context/ctxhttp",
    "websocket",
  ]
  pruneopts = ""
  revision = "9dfe39835686865bff950a07b394c12a98ddc811"

[[projects]]
  branch = "master"
  digest = "1:4a61176e8386727e4847b21a5a2625ce56b9c518bc543a28226503e701265db0"
  name = "golang.org/x/oauth2"
  packages = [
    ".",
    "google",
    "internal",
    "jws",
    "jwt",
  ]
  pruneopts = ""
  revision = "9ff8ebcc8e241d46f52ecc5bff0e5a2f2dbef402"

[[projects]]
  branch = "master"
  digest = "1:dc1fb726dbbe79c86369941eae1e3b431b8fc6f11dbd37f7899dc758a43cc3ed"
  name = "google.golang.org/api"
  packages = [
    "admin/directory/v1",
    "gensupport",
    "googleapi",
    "googleapi/internal/uritemplates",
  ]
  pruneopts = ""
  revision = "8791354e7ab150705ede13637a18c1fcc16b62e8"

[[projects]]
  digest = "1:934fb8966f303ede63aa405e2c8d7f0a427a05ea8df335dfdc1833dd4d40756f"
  name = "google.golang.org/appengine"
  packages = [
    ".",
    "internal",
    "internal/app_identity",
    "internal/base",
    "internal/datastore",
    "internal/log",
    "internal/modules",
    "internal/remote_api",
    "internal/urlfetch",
    "urlfetch",
  ]
  pruneopts = ""
  revision = "150dc57a1b433e64154302bdc40b6bb8aefa313a"
  version = "v1.0.0"

[[projects]]
  digest = "1:cb5b2a45a3dd41c01ff779c54ae4c8aab0271d6d3b3f734c8a8bd2c890299ef2"
  name = "gopkg.in/fsnotify/fsnotify.v1"
  packages = ["."]
  pruneopts = ""
  revision = "836bfd95fecc0f1511dd66bdbf2b5b61ab8b00b6"
  version = "v1.2.11"

[[projects]]
  digest = "1:11c58e19ff7ce22740423bb933f1ddca3bf575def40d5ac3437ec12871b1648b"
  name = "gopkg.in/natefinch/lumberjack.v2"
  packages = ["."]
  pruneopts = ""
  revision = "a96e63847dc3c67d17befa69c303767e2f84e54f"
  version = "v2.1"

[[projects]]
  digest = "1:be4ed0a2b15944dd777a663681a39260ed05f9c4e213017ed2e2255622c8820c"
  name = "gopkg.in/square/go-jose.v2"
  packages = [
    ".",
    "cipher",
    "json",
  ]
  pruneopts = ""
  revision = "f8f38de21b4dcd69d0413faf231983f5fd6634b1"
  version = "v2.1.3"

[solve-meta]
  analyzer-name = "dep"
  analyzer-version = 1
  input-imports = [
    "github.com/BurntSushi/toml",
    "github.com/bitly/go-simplejson",
    "github.com/coreos/go-oidc",
    "github.com/dgrijalva/jwt-go",
    "github.com/mbland/hmacauth",
    "github.com/mreiferson/go-options",
    "github.com/stretchr/testify/assert",
    "github.com/stretchr/testify/require",
    "github.com/yhat/wsutil",
    "golang.org/x/crypto/bcrypt",
    "golang.org/x/net/websocket",
    "golang.org/x/oauth2",
    "golang.org/x/oauth2/google",
    "google.golang.org/api/admin/directory/v1",
    "google.golang.org/api/googleapi",
    "gopkg.in/fsnotify/fsnotify.v1",
    "gopkg.in/natefinch/lumberjack.v2",
  ]
  solver-name = "gps-cdcl"
  solver-version = 1
