dependencies:
- name: dex
  repository: https://charts.helm.sh/stable
  version: 2.11.0
- name: oauth2-proxy
  repository: https://charts.helm.sh/stable
  version: 3.1.0
- name: httpbin
  repository: https://conservis.github.io/helm-charts
  version: 1.0.1
- name: hello-world
  repository: https://conservis.github.io/helm-charts
  version: 1.0.1
digest: sha256:e325948ece1706bd9d9e439568985db41e9a0d57623d0f9638249cb0d23821b8
generated: "2020-11-23T11:45:07.908898-08:00"
