dependencies:
- name: dex
  repository: https://charts.dexidp.io
  version: 0.22.1
- name: oauth2-proxy
  repository: https://oauth2-proxy.github.io/manifests
  version: 7.12.1
- name: httpbin
  repository: https://conservis.github.io/helm-charts
  version: 1.1.0
- name: hello-world
  repository: https://conservis.github.io/helm-charts
  version: 1.1.0
digest: sha256:fac810448909f2a0ef5110f38c5c27f8dc2638777a22c8b2bee8934b20677d67
generated: "2025-02-25T16:56:41.623061352Z"
