dependencies:
- name: dex
  repository: https://charts.dexidp.io
  version: 0.23.0
- name: oauth2-proxy
  repository: https://oauth2-proxy.github.io/manifests
  version: 7.12.19
- name: httpbin
  repository: https://conservis.github.io/helm-charts
  version: 1.1.0
- name: hello-world
  repository: https://conservis.github.io/helm-charts
  version: 1.1.0
digest: sha256:8d1d166c7c1043edd2006bb8e8d2db32a6b876febad2854253570d7ea141f064
generated: "2025-07-13T20:04:55.152622641Z"
