dependencies:
- name: dex
  repository: https://kubernetes-charts.storage.googleapis.com
  version: 2.11.0
- name: oauth2-proxy
  repository: https://kubernetes-charts.storage.googleapis.com
  version: 3.1.0
- name: httpbin
  repository: file://./httpbin
  version: 0.6.1
- name: hello-world
  repository: file://./hello-world
  version: 0.0.1
digest: sha256:b5fe4db7a523b28321708a12ae0d2608ea32836b322ae7941c820b626a180af2
generated: "2020-06-12T13:10:21.718689-05:00"
